
Microsoft Visual Studio Solution File, Format Version 12.00
# Visual Studio 14
VisualStudioVersion = 14.0.25420.1
MinimumVisualStudioVersion = 10.0.40219.1
Project("{FAE04EC0-301F-11D3-BF4B-00C04F79EFBC}") = "ToyStore", "ToyStore\ToyStore.csproj", "{5C1AF2EB-DF79-4866-8311-F31E26F93E0C}"
EndProject
Project("{FAE04EC0-301F-11D3-BF4B-00C04F79EFBC}") = "DATA", "DATA\DATA.csproj", "{D756562B-FA24-4C52-B2FA-0C3B454176C2}"
EndProject
Project("{FAE04EC0-301F-11D3-BF4B-00C04F79EFBC}") = "BUS", "BUS\BUS.csproj", "{281BDC54-9B79-449A-BD94-06D3C3649A3E}"
EndProject
Global
	GlobalSection(SolutionConfigurationPlatforms) = preSolution
		Debug|Any CPU = Debug|Any CPU
		Release|Any CPU = Release|Any CPU
	EndGlobalSection
	GlobalSection(ProjectConfigurationPlatforms) = postSolution
		{5C1AF2EB-DF79-4866-8311-F31E26F93E0C}.Debug|Any CPU.ActiveCfg = Debug|Any CPU
		{5C1AF2EB-DF79-4866-8311-F31E26F93E0C}.Debug|Any CPU.Build.0 = Debug|Any CPU
		{5C1AF2EB-DF79-4866-8311-F31E26F93E0C}.Release|Any CPU.ActiveCfg = Release|Any CPU
		{5C1AF2EB-DF79-4866-8311-F31E26F93E0C}.Release|Any CPU.Build.0 = Release|Any CPU
		{D756562B-FA24-4C52-B2FA-0C3B454176C2}.Debug|Any CPU.ActiveCfg = Debug|Any CPU
		{D756562B-FA24-4C52-B2FA-0C3B454176C2}.Debug|Any CPU.Build.0 = Debug|Any CPU
		{D756562B-FA24-4C52-B2FA-0C3B454176C2}.Release|Any CPU.ActiveCfg = Release|Any CPU
		{D756562B-FA24-4C52-B2FA-0C3B454176C2}.Release|Any CPU.Build.0 = Release|Any CPU
		{281BDC54-9B79-449A-BD94-06D3C3649A3E}.Debug|Any CPU.ActiveCfg = Debug|Any CPU
		{281BDC54-9B79-449A-BD94-06D3C3649A3E}.Debug|Any CPU.Build.0 = Debug|Any CPU
		{281BDC54-9B79-449A-BD94-06D3C3649A3E}.Release|Any CPU.ActiveCfg = Release|Any CPU
		{281BDC54-9B79-449A-BD94-06D3C3649A3E}.Release|Any CPU.Build.0 = Release|Any CPU
	EndGlobalSection
	GlobalSection(SolutionProperties) = preSolution
		HideSolutionNode = FALSE
	EndGlobalSection
EndGlobal
